
Microsoft Visual Studio Solution File, Format Version 12.00
# Visual Studio Version 16
VisualStudioVersion = 16.0.31729.503
MinimumVisualStudioVersion = 10.0.40219.1
Project("{FAE04EC0-301F-11D3-BF4B-00C04F79EFBC}") = "homework-9", "homework-9.csproj", "{01AFF7AD-CD43-4A92-A745-6C183C2D6CBA}"
EndProject
Global
	GlobalSection(SolutionConfigurationPlatforms) = preSolution
		Debug|Any CPU = Debug|Any CPU
		Release|Any CPU = Release|Any CPU
	EndGlobalSection
	GlobalSection(ProjectConfigurationPlatforms) = postSolution
		{01AFF7AD-CD43-4A92-A745-6C183C2D6CBA}.Debug|Any CPU.ActiveCfg = Debug|Any CPU
		{01AFF7AD-CD43-4A92-A745-6C183C2D6CBA}.Debug|Any CPU.Build.0 = Debug|Any CPU
		{01AFF7AD-CD43-4A92-A745-6C183C2D6CBA}.Release|Any CPU.ActiveCfg = Release|Any CPU
		{01AFF7AD-CD43-4A92-A745-6C183C2D6CBA}.Release|Any CPU.Build.0 = Release|Any CPU
	EndGlobalSection
	GlobalSection(SolutionProperties) = preSolution
		HideSolutionNode = FALSE
	EndGlobalSection
	GlobalSection(ExtensibilityGlobals) = postSolution
		SolutionGuid = {4184F535-38BA-4A43-A2C8-258A9ED4AA43}
	EndGlobalSection
EndGlobal
